// !$*UTF8*$!
{
	archiveVersion = 1;
	classes = {
	};
	objectVersion = 50;
	objects = {

/* Begin PBXBuildFile section */
		273D440A25C7761C00B0B8AA /* AppDelegate.swift in Sources */ = {isa = PBXBuildFile; fileRef = 273D440925C7761C00B0B8AA /* AppDelegate.swift */; };
		273D440C25C7761C00B0B8AA /* SceneDelegate.swift in Sources */ = {isa = PBXBuildFile; fileRef = 273D440B25C7761C00B0B8AA /* SceneDelegate.swift */; };
		273D440E25C7761C00B0B8AA /* ContentView.swift in Sources */ = {isa = PBXBuildFile; fileRef = 273D440D25C7761C00B0B8AA /* ContentView.swift */; };
		273D441025C7761E00B0B8AA /* Assets.xcassets in Resources */ = {isa = PBXBuildFile; fileRef = 273D440F25C7761E00B0B8AA /* Assets.xcassets */; };
		273D441325C7761E00B0B8AA /* Preview Assets.xcassets in Resources */ = {isa = PBXBuildFile; fileRef = 273D441225C7761E00B0B8AA /* Preview Assets.xcassets */; };
		273D441625C7761E00B0B8AA /* LaunchScreen.storyboard in Resources */ = {isa = PBXBuildFile; fileRef = 273D441425C7761E00B0B8AA /* LaunchScreen.storyboard */; };
		273D442025C77C2300B0B8AA /* shared.framework in Frameworks */ = {isa = PBXBuildFile; fileRef = 273D441F25C77C2300B0B8AA /* shared.framework */; };
		273D442125C77C2300B0B8AA /* shared.framework in Embed Frameworks */ = {isa = PBXBuildFile; fileRef = 273D441F25C77C2300B0B8AA /* shared.framework */; settings = {ATTRIBUTES = (CodeSignOnCopy, RemoveHeadersOnCopy, ); }; };
/* End PBXBuildFile section */

/* Begin PBXCopyFilesBuildPhase section */
		273D442225C77C2300B0B8AA /* Embed Frameworks */ = {
			isa = PBXCopyFilesBuildPhase;
			buildActionMask = 2147483647;
			dstPath = "";
			dstSubfolderSpec = 10;
			files = (
				273D442125C77C2300B0B8AA /* shared.framework in Embed Frameworks */,
			);
			name = "Embed Frameworks";
			runOnlyForDeploymentPostprocessing = 0;
		};
/* End PBXCopyFilesBuildPhase section */

/* Begin PBXFileReference section */
		273D440625C7761C00B0B8AA /* HelloKMP.app */ = {isa = PBXFileReference; explicitFileType = wrapper.application; includeInIndex = 0; path = HelloKMP.app; sourceTree = BUILT_PRODUCTS_DIR; };
		273D440925C7761C00B0B8AA /* AppDelegate.swift */ = {isa = PBXFileReference; lastKnownFileType = sourcecode.swift; path = AppDelegate.swift; sourceTree = "<group>"; };
		273D440B25C7761C00B0B8AA /* SceneDelegate.swift */ = {isa = PBXFileReference; lastKnownFileType = sourcecode.swift; path = SceneDelegate.swift; sourceTree = "<group>"; };
		273D440D25C7761C00B0B8AA /* ContentView.swift */ = {isa = PBXFileReference; lastKnownFileType = sourcecode.swift; path = ContentView.swift; sourceTree = "<group>"; };
		273D440F25C7761E00B0B8AA /* Assets.xcassets */ = {isa = PBXFileReference; lastKnownFileType = folder.assetcatalog; path = Assets.xcassets; sourceTree = "<group>"; };
		273D441225C7761E00B0B8AA /* Preview Assets.xcassets */ = {isa = PBXFileReference; lastKnownFileType = folder.assetcatalog; path = "Preview Assets.xcassets"; sourceTree = "<group>"; };
		273D441525C7761E00B0B8AA /* Base */ = {isa = PBXFileReference; lastKnownFileType = file.storyboard; name = Base; path = Base.lproj/LaunchScreen.storyboard; sourceTree = "<group>"; };
		273D441725C7761E00B0B8AA /* Info.plist */ = {isa = PBXFileReference; lastKnownFileType = text.plist.xml; path = Info.plist; sourceTree = "<group>"; };
		273D441E25C77C0600B0B8AA /* xcode-frameworks */ = {isa = PBXFileReference; lastKnownFileType = folder; name = "xcode-frameworks"; path = "../../shared/build/xcode-frameworks"; sourceTree = "<group>"; };
		273D441F25C77C2300B0B8AA /* shared.framework */ = {isa = PBXFileReference; lastKnownFileType = wrapper.framework; name = shared.framework; path = "../../shared/build/xcode-frameworks/shared.framework"; sourceTree = "<group>"; };
/* End PBXFileReference section */

/* Begin PBXFrameworksBuildPhase section */
		273D440325C7761C00B0B8AA /* Frameworks */ = {
			isa = PBXFrameworksBuildPhase;
			buildActionMask = 2147483647;
			files = (
				273D442025C77C2300B0B8AA /* shared.framework in Frameworks */,
			);
			runOnlyForDeploymentPostprocessing = 0;
		};
/* End PBXFrameworksBuildPhase section */

/* Begin PBXGroup section */
		273D43FD25C7761C00B0B8AA = {
			isa = PBXGroup;
			children = (
				273D440825C7761C00B0B8AA /* HelloKMP */,
				273D440725C7761C00B0B8AA /* Products */,
				273D441D25C77C0600B0B8AA /* Frameworks */,
			);
			sourceTree = "<group>";
		};
		273D440725C7761C00B0B8AA /* Products */ = {
			isa = PBXGroup;
			children = (
				273D440625C7761C00B0B8AA /* HelloKMP.app */,
			);
			name = Products;
			sourceTree = "<group>";
		};
		273D440825C7761C00B0B8AA /* HelloKMP */ = {
			isa = PBXGroup;
			children = (
				273D440925C7761C00B0B8AA /* AppDelegate.swift */,
				273D440B25C7761C00B0B8AA /* SceneDelegate.swift */,
				273D440D25C7761C00B0B8AA /* ContentView.swift */,
				273D440F25C7761E00B0B8AA /* Assets.xcassets */,
				273D441425C7761E00B0B8AA /* LaunchScreen.storyboard */,
				273D441725C7761E00B0B8AA /* Info.plist */,
				273D441125C7761E00B0B8AA /* Preview Content */,
			);
			path = HelloKMP;
			sourceTree = "<group>";
		};
		273D441125C7761E00B0B8AA /* Preview Content */ = {
			isa = PBXGroup;
			children = (
				273D441225C7761E00B0B8AA /* Preview Assets.xcassets */,
			);
			path = "Preview Content";
			sourceTree = "<group>";
		};
		273D441D25C77C0600B0B8AA /* Frameworks */ = {
			isa = PBXGroup;
			children = (
				273D441F25C77C2300B0B8AA /* shared.framework */,
				273D441E25C77C0600B0B8AA /* xcode-frameworks */,
			);
			name = Frameworks;
			sourceTree = "<group>";
		};
/* End PBXGroup section */

/* Begin PBXNativeTarget section */
		273D440525C7761C00B0B8AA /* HelloKMP */ = {
			isa = PBXNativeTarget;
			buildConfigurationList = 273D441A25C7761E00B0B8AA /* Build configuration list for PBXNativeTarget "HelloKMP" */;
			buildPhases = (
				273D442325C77CAD00B0B8AA /* ShellScript */,
				273D440225C7761C00B0B8AA /* Sources */,
				273D440325C7761C00B0B8AA /* Frameworks */,
				273D440425C7761C00B0B8AA /* Resources */,
				273D442225C77C2300B0B8AA /* Embed Frameworks */,
			);
			buildRules = (
			);
			dependencies = (
			);
			name = HelloKMP;
			productName = HelloKMP;
			productReference = 273D440625C7761C00B0B8AA /* HelloKMP.app */;
			productType = "com.apple.product-type.application";
		};
/* End PBXNativeTarget section */

/* Begin PBXProject section */
		273D43FE25C7761C00B0B8AA /* Project object */ = {
			isa = PBXProject;
			attributes = {
				LastSwiftUpdateCheck = 1130;
				LastUpgradeCheck = 1130;
				ORGANIZATIONNAME = Razeware;
				TargetAttributes = {
					273D440525C7761C00B0B8AA = {
						CreatedOnToolsVersion = 11.3.1;
					};
				};
			};
			buildConfigurationList = 273D440125C7761C00B0B8AA /* Build configuration list for PBXProject "HelloKMP" */;
			compatibilityVersion = "Xcode 9.3";
			developmentRegion = en;
			hasScannedForEncodings = 0;
			knownRegions = (
				en,
				Base,
			);
			mainGroup = 273D43FD25C7761C00B0B8AA;
			productRefGroup = 273D440725C7761C00B0B8AA /* Products */;
			projectDirPath = "";
			projectRoot = "";
			targets = (
				273D440525C7761C00B0B8AA /* HelloKMP */,
			);
		};
/* End PBXProject section */

/* Begin PBXResourcesBuildPhase section */
		273D440425C7761C00B0B8AA /* Resources */ = {
			isa = PBXResourcesBuildPhase;
			buildActionMask = 2147483647;
			files = (
				273D441625C7761E00B0B8AA /* LaunchScreen.storyboard in Resources */,
				273D441325C7761E00B0B8AA /* Preview Assets.xcassets in Resources */,
				273D441025C7761E00B0B8AA /* Assets.xcassets in Resources */,
			);
			runOnlyForDeploymentPostprocessing = 0;
		};
/* End PBXResourcesBuildPhase section */

/* Begin PBXShellScriptBuildPhase section */
		273D442325C77CAD00B0B8AA /* ShellScript */ = {
			isa = PBXShellScriptBuildPhase;
			buildActionMask = 2147483647;
			files = (
			);
			inputFileListPaths = (
			);
			inputPaths = (
			);
			outputFileListPaths = (
			);
			outputPaths = (
			);
			runOnlyForDeploymentPostprocessing = 0;
			shellPath = /bin/sh;
			shellScript = "cd \"$SRCROOT/../../shared/build/xcode-frameworks\"\n./gradlew :shared:build -PXCODE_CONFIGURATION=${CONFIGURATION}\n";
		};
/* End PBXShellScriptBuildPhase section */

/* Begin PBXSourcesBuildPhase section */
		273D440225C7761C00B0B8AA /* Sources */ = {
			isa = PBXSourcesBuildPhase;
			buildActionMask = 2147483647;
			files = (
				273D440A25C7761C00B0B8AA /* AppDelegate.swift in Sources */,
				273D440C25C7761C00B0B8AA /* SceneDelegate.swift in Sources */,
				273D440E25C7761C00B0B8AA /* ContentView.swift in Sources */,
			);
			runOnlyForDeploymentPostprocessing = 0;
		};
/* End PBXSourcesBuildPhase section */

/* Begin PBXVariantGroup section */
		273D441425C7761E00B0B8AA /* LaunchScreen.storyboard */ = {
			isa = PBXVariantGroup;
			children = (
				273D441525C7761E00B0B8AA /* Base */,
			);
			name = LaunchScreen.storyboard;
			sourceTree = "<group>";
		};
/* End PBXVariantGroup section */

/* Begin XCBuildConfiguration section */
		273D441825C7761E00B0B8AA /* Debug */ = {
			isa = XCBuildConfiguration;
			buildSettings = {
				ALWAYS_SEARCH_USER_PATHS = NO;
				CLANG_ANALYZER_NONNULL = YES;
				CLANG_ANALYZER_NUMBER_OBJECT_CONVERSION = YES_AGGRESSIVE;
				CLANG_CXX_LANGUAGE_STANDARD = "gnu++14";
				CLANG_CXX_LIBRARY = "libc++";
				CLANG_ENABLE_MODULES = YES;
				CLANG_ENABLE_OBJC_ARC = YES;
				CLANG_ENABLE_OBJC_WEAK = YES;
				CLANG_WARN_BLOCK_CAPTURE_AUTORELEASING = YES;
				CLANG_WARN_BOOL_CONVERSION = YES;
				CLANG_WARN_COMMA = YES;
				CLANG_WARN_CONSTANT_CONVERSION = YES;
				CLANG_WARN_DEPRECATED_OBJC_IMPLEMENTATIONS = YES;
				CLANG_WARN_DIRECT_OBJC_ISA_USAGE = YES_ERROR;
				CLANG_WARN_DOCUMENTATION_COMMENTS = YES;
				CLANG_WARN_EMPTY_BODY = YES;
				CLANG_WARN_ENUM_CONVERSION = YES;
				CLANG_WARN_INFINITE_RECURSION = YES;
				CLANG_WARN_INT_CONVERSION = YES;
				CLANG_WARN_NON_LITERAL_NULL_CONVERSION = YES;
				CLANG_WARN_OBJC_IMPLICIT_RETAIN_SELF = YES;
				CLANG_WARN_OBJC_LITERAL_CONVERSION = YES;
				CLANG_WARN_OBJC_ROOT_CLASS = YES_ERROR;
				CLANG_WARN_RANGE_LOOP_ANALYSIS = YES;
				CLANG_WARN_STRICT_PROTOTYPES = YES;
				CLANG_WARN_SUSPICIOUS_MOVE = YES;
				CLANG_WARN_UNGUARDED_AVAILABILITY = YES_AGGRESSIVE;
				CLANG_WARN_UNREACHABLE_CODE = YES;
				CLANG_WARN__DUPLICATE_METHOD_MATCH = YES;
				COPY_PHASE_STRIP = NO;
				DEBUG_INFORMATION_FORMAT = dwarf;
				ENABLE_STRICT_OBJC_MSGSEND = YES;
				ENABLE_TESTABILITY = YES;
				GCC_C_LANGUAGE_STANDARD = gnu11;
				GCC_DYNAMIC_NO_PIC = NO;
				GCC_NO_COMMON_BLOCKS = YES;
				GCC_OPTIMIZATION_LEVEL = 0;
				GCC_PREPROCESSOR_DEFINITIONS = (
					"DEBUG=1",
					"$(inherited)",
				);
				GCC_WARN_64_TO_32_BIT_CONVERSION = YES;
				GCC_WARN_ABOUT_RETURN_TYPE = YES_ERROR;
				GCC_WARN_UNDECLARED_SELECTOR = YES;
				GCC_WARN_UNINITIALIZED_AUTOS = YES_AGGRESSIVE;
				GCC_WARN_UNUSED_FUNCTION = YES;
				GCC_WARN_UNUSED_VARIABLE = YES;
				IPHONEOS_DEPLOYMENT_TARGET = 13.2;
				MTL_ENABLE_DEBUG_INFO = INCLUDE_SOURCE;
				MTL_FAST_MATH = YES;
				ONLY_ACTIVE_ARCH = YES;
				SDKROOT = iphoneos;
				SWIFT_ACTIVE_COMPILATION_CONDITIONS = DEBUG;
				SWIFT_OPTIMIZATION_LEVEL = "-Onone";
			};
			name = Debug;
		};
		273D441925C7761E00B0B8AA /* Release */ = {
			isa = XCBuildConfiguration;
			buildSettings = {
				ALWAYS_SEARCH_USER_PATHS = NO;
				CLANG_ANALYZER_NONNULL = YES;
				CLANG_ANALYZER_NUMBER_OBJECT_CONVERSION = YES_AGGRESSIVE;
				CLANG_CXX_LANGUAGE_STANDARD = "gnu++14";
				CLANG_CXX_LIBRARY = "libc++";
				CLANG_ENABLE_MODULES = YES;
				CLANG_ENABLE_OBJC_ARC = YES;
				CLANG_ENABLE_OBJC_WEAK = YES;
				CLANG_WARN_BLOCK_CAPTURE_AUTORELEASING = YES;
				CLANG_WARN_BOOL_CONVERSION = YES;
				CLANG_WARN_COMMA = YES;
				CLANG_WARN_CONSTANT_CONVERSION = YES;
				CLANG_WARN_DEPRECATED_OBJC_IMPLEMENTATIONS = YES;
				CLANG_WARN_DIRECT_OBJC_ISA_USAGE = YES_ERROR;
				CLANG_WARN_DOCUMENTATION_COMMENTS = YES;
				CLANG_WARN_EMPTY_BODY = YES;
				CLANG_WARN_ENUM_CONVERSION = YES;
				CLANG_WARN_INFINITE_RECURSION = YES;
				CLANG_WARN_INT_CONVERSION = YES;
				CLANG_WARN_NON_LITERAL_NULL_CONVERSION = YES;
				CLANG_WARN_OBJC_IMPLICIT_RETAIN_SELF = YES;
				CLANG_WARN_OBJC_LITERAL_CONVERSION = YES;
				CLANG_WARN_OBJC_ROOT_CLASS = YES_ERROR;
				CLANG_WARN_RANGE_LOOP_ANALYSIS = YES;
				CLANG_WARN_STRICT_PROTOTYPES = YES;
				CLANG_WARN_SUSPICIOUS_MOVE = YES;
				CLANG_WARN_UNGUARDED_AVAILABILITY = YES_AGGRESSIVE;
				CLANG_WARN_UNREACHABLE_CODE = YES;
				CLANG_WARN__DUPLICATE_METHOD_MATCH = YES;
				COPY_PHASE_STRIP = NO;
				DEBUG_INFORMATION_FORMAT = "dwarf-with-dsym";
				ENABLE_NS_ASSERTIONS = NO;
				ENABLE_STRICT_OBJC_MSGSEND = YES;
				GCC_C_LANGUAGE_STANDARD = gnu11;
				GCC_NO_COMMON_BLOCKS = YES;
				GCC_WARN_64_TO_32_BIT_CONVERSION = YES;
				GCC_WARN_ABOUT_RETURN_TYPE = YES_ERROR;
				GCC_WARN_UNDECLARED_SELECTOR = YES;
				GCC_WARN_UNINITIALIZED_AUTOS = YES_AGGRESSIVE;
				GCC_WARN_UNUSED_FUNCTION = YES;
				GCC_WARN_UNUSED_VARIABLE = YES;
				IPHONEOS_DEPLOYMENT_TARGET = 13.2;
				MTL_ENABLE_DEBUG_INFO = NO;
				MTL_FAST_MATH = YES;
				SDKROOT = iphoneos;
				SWIFT_COMPILATION_MODE = wholemodule;
				SWIFT_OPTIMIZATION_LEVEL = "-O";
				VALIDATE_PRODUCT = YES;
			};
			name = Release;
		};
		273D441B25C7761E00B0B8AA /* Debug */ = {
			isa = XCBuildConfiguration;
			buildSettings = {
				ASSETCATALOG_COMPILER_APPICON_NAME = AppIcon;
				CODE_SIGN_STYLE = Automatic;
				DEVELOPMENT_ASSET_PATHS = "\"HelloKMP/Preview Content\"";
				ENABLE_BITCODE = NO;
				ENABLE_PREVIEWS = YES;
				FRAMEWORK_SEARCH_PATHS = "$(SRCROOT)/../../shared/build/xcode-frameworks";
				INFOPLIST_FILE = HelloKMP/Info.plist;
				LD_RUNPATH_SEARCH_PATHS = (
					"$(inherited)",
					"@executable_path/Frameworks",
				);
				PRODUCT_BUNDLE_IDENTIFIER = com.raywennderlich.HelloKMP;
				PRODUCT_NAME = "$(TARGET_NAME)";
				SWIFT_VERSION = 5.0;
				TARGETED_DEVICE_FAMILY = "1,2";
			};
			name = Debug;
		};
		273D441C25C7761E00B0B8AA /* Release */ = {
			isa = XCBuildConfiguration;
			buildSettings = {
				ASSETCATALOG_COMPILER_APPICON_NAME = AppIcon;
				CODE_SIGN_STYLE = Automatic;
				DEVELOPMENT_ASSET_PATHS = "\"HelloKMP/Preview Content\"";
				ENABLE_BITCODE = NO;
				ENABLE_PREVIEWS = YES;
				FRAMEWORK_SEARCH_PATHS = "$(SRCROOT)/../../shared/build/xcode-frameworks";
				INFOPLIST_FILE = HelloKMP/Info.plist;
				LD_RUNPATH_SEARCH_PATHS = (
					"$(inherited)",
					"@executable_path/Frameworks",
				);
				PRODUCT_BUNDLE_IDENTIFIER = com.raywennderlich.HelloKMP;
				PRODUCT_NAME = "$(TARGET_NAME)";
				SWIFT_VERSION = 5.0;
				TARGETED_DEVICE_FAMILY = "1,2";
			};
			name = Release;
		};
/* End XCBuildConfiguration section */

/* Begin XCConfigurationList section */
		273D440125C7761C00B0B8AA /* Build configuration list for PBXProject "HelloKMP" */ = {
			isa = XCConfigurationList;
			buildConfigurations = (
				273D441825C7761E00B0B8AA /* Debug */,
				273D441925C7761E00B0B8AA /* Release */,
			);
			defaultConfigurationIsVisible = 0;
			defaultConfigurationName = Release;
		};
		273D441A25C7761E00B0B8AA /* Build configuration list for PBXNativeTarget "HelloKMP" */ = {
			isa = XCConfigurationList;
			buildConfigurations = (
				273D441B25C7761E00B0B8AA /* Debug */,
				273D441C25C7761E00B0B8AA /* Release */,
			);
			defaultConfigurationIsVisible = 0;
			defaultConfigurationName = Release;
		};
/* End XCConfigurationList section */
	};
	rootObject = 273D43FE25C7761C00B0B8AA /* Project object */;
}
